// !$*UTF8*$!
{
	archiveVersion = 1;
	classes = {
	};
	objectVersion = 50;
	objects = {

/* Begin PBXBuildFile section */
		73A3DC36249E106E00CFD3A8 /* AppDelegate.swift in Sources */ = {isa = PBXBuildFile; fileRef = 73A3DC35249E106E00CFD3A8 /* AppDelegate.swift */; };
		73A3DC38249E106E00CFD3A8 /* SceneDelegate.swift in Sources */ = {isa = PBXBuildFile; fileRef = 73A3DC37249E106E00CFD3A8 /* SceneDelegate.swift */; };
		73A3DC3A249E106E00CFD3A8 /* ViewController.swift in Sources */ = {isa = PBXBuildFile; fileRef = 73A3DC39249E106E00CFD3A8 /* ViewController.swift */; };
		73A3DC3D249E106E00CFD3A8 /* Main.storyboard in Resources */ = {isa = PBXBuildFile; fileRef = 73A3DC3B249E106E00CFD3A8 /* Main.storyboard */; };
		73A3DC3F249E107000CFD3A8 /* Assets.xcassets in Resources */ = {isa = PBXBuildFile; fileRef = 73A3DC3E249E107000CFD3A8 /* Assets.xcassets */; };
		73A3DC42249E107000CFD3A8 /* LaunchScreen.storyboard in Resources */ = {isa = PBXBuildFile; fileRef = 73A3DC40249E107000CFD3A8 /* LaunchScreen.storyboard */; };
/* End PBXBuildFile section */

/* Begin PBXFileReference section */
		73A3DC32249E106E00CFD3A8 /* BTVN_AutoLayout_Phan1.app */ = {isa = PBXFileReference; explicitFileType = wrapper.application; includeInIndex = 0; path = BTVN_AutoLayout_Phan1.app; sourceTree = BUILT_PRODUCTS_DIR; };
		73A3DC35249E106E00CFD3A8 /* AppDelegate.swift */ = {isa = PBXFileReference; lastKnownFileType = sourcecode.swift; path = AppDelegate.swift; sourceTree = "<group>"; };
		73A3DC37249E106E00CFD3A8 /* SceneDelegate.swift */ = {isa = PBXFileReference; lastKnownFileType = sourcecode.swift; path = SceneDelegate.swift; sourceTree = "<group>"; };
		73A3DC39249E106E00CFD3A8 /* ViewController.swift */ = {isa = PBXFileReference; lastKnownFileType = sourcecode.swift; path = ViewController.swift; sourceTree = "<group>"; };
		73A3DC3C249E106E00CFD3A8 /* Base */ = {isa = PBXFileReference; lastKnownFileType = file.storyboard; name = Base; path = Base.lproj/Main.storyboard; sourceTree = "<group>"; };
		73A3DC3E249E107000CFD3A8 /* Assets.xcassets */ = {isa = PBXFileReference; lastKnownFileType = folder.assetcatalog; path = Assets.xcassets; sourceTree = "<group>"; };
		73A3DC41249E107000CFD3A8 /* Base */ = {isa = PBXFileReference; lastKnownFileType = file.storyboard; name = Base; path = Base.lproj/LaunchScreen.storyboard; sourceTree = "<group>"; };
		73A3DC43249E107000CFD3A8 /* Info.plist */ = {isa = PBXFileReference; lastKnownFileType = text.plist.xml; path = Info.plist; sourceTree = "<group>"; };
/* End PBXFileReference section */

/* Begin PBXFrameworksBuildPhase section */
		73A3DC2F249E106E00CFD3A8 /* Frameworks */ = {
			isa = PBXFrameworksBuildPhase;
			buildActionMask = 2147483647;
			files = (
			);
			runOnlyForDeploymentPostprocessing = 0;
		};
/* End PBXFrameworksBuildPhase section */

/* Begin PBXGroup section */
		73A3DC29249E106E00CFD3A8 = {
			isa = PBXGroup;
			children = (
				73A3DC34249E106E00CFD3A8 /* BTVN_AutoLayout_Phan1 */,
				73A3DC33249E106E00CFD3A8 /* Products */,
			);
			sourceTree = "<group>";
		};
		73A3DC33249E106E00CFD3A8 /* Products */ = {
			isa = PBXGroup;
			children = (
				73A3DC32249E106E00CFD3A8 /* BTVN_AutoLayout_Phan1.app */,
			);
			name = Products;
			sourceTree = "<group>";
		};
		73A3DC34249E106E00CFD3A8 /* BTVN_AutoLayout_Phan1 */ = {
			isa = PBXGroup;
			children = (
				73A3DC35249E106E00CFD3A8 /* AppDelegate.swift */,
				73A3DC37249E106E00CFD3A8 /* SceneDelegate.swift */,
				73A3DC39249E106E00CFD3A8 /* ViewController.swift */,
				73A3DC3B249E106E00CFD3A8 /* Main.storyboard */,
				73A3DC3E249E107000CFD3A8 /* Assets.xcassets */,
				73A3DC40249E107000CFD3A8 /* LaunchScreen.storyboard */,
				73A3DC43249E107000CFD3A8 /* Info.plist */,
			);
			path = BTVN_AutoLayout_Phan1;
			sourceTree = "<group>";
		};
/* End PBXGroup section */

/* Begin PBXNativeTarget section */
		73A3DC31249E106E00CFD3A8 /* BTVN_AutoLayout_Phan1 */ = {
			isa = PBXNativeTarget;
			buildConfigurationList = 73A3DC46249E107000CFD3A8 /* Build configuration list for PBXNativeTarget "BTVN_AutoLayout_Phan1" */;
			buildPhases = (
				73A3DC2E249E106E00CFD3A8 /* Sources */,
				73A3DC2F249E106E00CFD3A8 /* Frameworks */,
				73A3DC30249E106E00CFD3A8 /* Resources */,
			);
			buildRules = (
			);
			dependencies = (
			);
			name = BTVN_AutoLayout_Phan1;
			productName = BTVN_AutoLayout_Phan1;
			productReference = 73A3DC32249E106E00CFD3A8 /* BTVN_AutoLayout_Phan1.app */;
			productType = "com.apple.product-type.application";
		};
/* End PBXNativeTarget section */

/* Begin PBXProject section */
		73A3DC2A249E106E00CFD3A8 /* Project object */ = {
			isa = PBXProject;
			attributes = {
				LastSwiftUpdateCheck = 1150;
				LastUpgradeCheck = 1150;
				ORGANIZATIONNAME = "Lại Đức Anh";
				TargetAttributes = {
					73A3DC31249E106E00CFD3A8 = {
						CreatedOnToolsVersion = 11.5;
					};
				};
			};
			buildConfigurationList = 73A3DC2D249E106E00CFD3A8 /* Build configuration list for PBXProject "BTVN_AutoLayout_Phan1" */;
			compatibilityVersion = "Xcode 9.3";
			developmentRegion = en;
			hasScannedForEncodings = 0;
			knownRegions = (
				en,
				Base,
			);
			mainGroup = 73A3DC29249E106E00CFD3A8;
			productRefGroup = 73A3DC33249E106E00CFD3A8 /* Products */;
			projectDirPath = "";
			projectRoot = "";
			targets = (
				73A3DC31249E106E00CFD3A8 /* BTVN_AutoLayout_Phan1 */,
			);
		};
/* End PBXProject section */

/* Begin PBXResourcesBuildPhase section */
		73A3DC30249E106E00CFD3A8 /* Resources */ = {
			isa = PBXResourcesBuildPhase;
			buildActionMask = 2147483647;
			files = (
				73A3DC42249E107000CFD3A8 /* LaunchScreen.storyboard in Resources */,
				73A3DC3F249E107000CFD3A8 /* Assets.xcassets in Resources */,
				73A3DC3D249E106E00CFD3A8 /* Main.storyboard in Resources */,
			);
			runOnlyForDeploymentPostprocessing = 0;
		};
/* End PBXResourcesBuildPhase section */

/* Begin PBXSourcesBuildPhase section */
		73A3DC2E249E106E00CFD3A8 /* Sources */ = {
			isa = PBXSourcesBuildPhase;
			buildActionMask = 2147483647;
			files = (
				73A3DC3A249E106E00CFD3A8 /* ViewController.swift in Sources */,
				73A3DC36249E106E00CFD3A8 /* AppDelegate.swift in Sources */,
				73A3DC38249E106E00CFD3A8 /* SceneDelegate.swift in Sources */,
			);
			runOnlyForDeploymentPostprocessing = 0;
		};
/* End PBXSourcesBuildPhase section */

/* Begin PBXVariantGroup section */
		73A3DC3B249E106E00CFD3A8 /* Main.storyboard */ = {
			isa = PBXVariantGroup;
			children = (
				73A3DC3C249E106E00CFD3A8 /* Base */,
			);
			name = Main.storyboard;
			sourceTree = "<group>";
		};
		73A3DC40249E107000CFD3A8 /* LaunchScreen.storyboard */ = {
			isa = PBXVariantGroup;
			children = (
				73A3DC41249E107000CFD3A8 /* Base */,
			);
			name = LaunchScreen.storyboard;
			sourceTree = "<group>";
		};
/* End PBXVariantGroup section */

/* Begin XCBuildConfiguration section */
		73A3DC44249E107000CFD3A8 /* Debug */ = {
			isa = XCBuildConfiguration;
			buildSettings = {
				ALWAYS_SEARCH_USER_PATHS = NO;
				CLANG_ANALYZER_NONNULL = YES;
				CLANG_ANALYZER_NUMBER_OBJECT_CONVERSION = YES_AGGRESSIVE;
				CLANG_CXX_LANGUAGE_STANDARD = "gnu++14";
				CLANG_CXX_LIBRARY = "libc++";
				CLANG_ENABLE_MODULES = YES;
				CLANG_ENABLE_OBJC_ARC = YES;
				CLANG_ENABLE_OBJC_WEAK = YES;
				CLANG_WARN_BLOCK_CAPTURE_AUTORELEASING = YES;
				CLANG_WARN_BOOL_CONVERSION = YES;
				CLANG_WARN_COMMA = YES;
				CLANG_WARN_CONSTANT_CONVERSION = YES;
				CLANG_WARN_DEPRECATED_OBJC_IMPLEMENTATIONS = YES;
				CLANG_WARN_DIRECT_OBJC_ISA_USAGE = YES_ERROR;
				CLANG_WARN_DOCUMENTATION_COMMENTS = YES;
				CLANG_WARN_EMPTY_BODY = YES;
				CLANG_WARN_ENUM_CONVERSION = YES;
				CLANG_WARN_INFINITE_RECURSION = YES;
				CLANG_WARN_INT_CONVERSION = YES;
				CLANG_WARN_NON_LITERAL_NULL_CONVERSION = YES;
				CLANG_WARN_OBJC_IMPLICIT_RETAIN_SELF = YES;
				CLANG_WARN_OBJC_LITERAL_CONVERSION = YES;
				CLANG_WARN_OBJC_ROOT_CLASS = YES_ERROR;
				CLANG_WARN_RANGE_LOOP_ANALYSIS = YES;
				CLANG_WARN_STRICT_PROTOTYPES = YES;
				CLANG_WARN_SUSPICIOUS_MOVE = YES;
				CLANG_WARN_UNGUARDED_AVAILABILITY = YES_AGGRESSIVE;
				CLANG_WARN_UNREACHABLE_CODE = YES;
				CLANG_WARN__DUPLICATE_METHOD_MATCH = YES;
				COPY_PHASE_STRIP = NO;
				DEBUG_INFORMATION_FORMAT = dwarf;
				ENABLE_STRICT_OBJC_MSGSEND = YES;
				ENABLE_TESTABILITY = YES;
				GCC_C_LANGUAGE_STANDARD = gnu11;
				GCC_DYNAMIC_NO_PIC = NO;
				GCC_NO_COMMON_BLOCKS = YES;
				GCC_OPTIMIZATION_LEVEL = 0;
				GCC_PREPROCESSOR_DEFINITIONS = (
					"DEBUG=1",
					"$(inherited)",
				);
				GCC_WARN_64_TO_32_BIT_CONVERSION = YES;
				GCC_WARN_ABOUT_RETURN_TYPE = YES_ERROR;
				GCC_WARN_UNDECLARED_SELECTOR = YES;
				GCC_WARN_UNINITIALIZED_AUTOS = YES_AGGRESSIVE;
				GCC_WARN_UNUSED_FUNCTION = YES;
				GCC_WARN_UNUSED_VARIABLE = YES;
				IPHONEOS_DEPLOYMENT_TARGET = 13.5;
				MTL_ENABLE_DEBUG_INFO = INCLUDE_SOURCE;
				MTL_FAST_MATH = YES;
				ONLY_ACTIVE_ARCH = YES;
				SDKROOT = iphoneos;
				SWIFT_ACTIVE_COMPILATION_CONDITIONS = DEBUG;
				SWIFT_OPTIMIZATION_LEVEL = "-Onone";
			};
			name = Debug;
		};
		73A3DC45249E107000CFD3A8 /* Release */ = {
			isa = XCBuildConfiguration;
			buildSettings = {
				ALWAYS_SEARCH_USER_PATHS = NO;
				CLANG_ANALYZER_NONNULL = YES;
				CLANG_ANALYZER_NUMBER_OBJECT_CONVERSION = YES_AGGRESSIVE;
				CLANG_CXX_LANGUAGE_STANDARD = "gnu++14";
				CLANG_CXX_LIBRARY = "libc++";
				CLANG_ENABLE_MODULES = YES;
				CLANG_ENABLE_OBJC_ARC = YES;
				CLANG_ENABLE_OBJC_WEAK = YES;
				CLANG_WARN_BLOCK_CAPTURE_AUTORELEASING = YES;
				CLANG_WARN_BOOL_CONVERSION = YES;
				CLANG_WARN_COMMA = YES;
				CLANG_WARN_CONSTANT_CONVERSION = YES;
				CLANG_WARN_DEPRECATED_OBJC_IMPLEMENTATIONS = YES;
				CLANG_WARN_DIRECT_OBJC_ISA_USAGE = YES_ERROR;
				CLANG_WARN_DOCUMENTATION_COMMENTS = YES;
				CLANG_WARN_EMPTY_BODY = YES;
				CLANG_WARN_ENUM_CONVERSION = YES;
				CLANG_WARN_INFINITE_RECURSION = YES;
				CLANG_WARN_INT_CONVERSION = YES;
				CLANG_WARN_NON_LITERAL_NULL_CONVERSION = YES;
				CLANG_WARN_OBJC_IMPLICIT_RETAIN_SELF = YES;
				CLANG_WARN_OBJC_LITERAL_CONVERSION = YES;
				CLANG_WARN_OBJC_ROOT_CLASS = YES_ERROR;
				CLANG_WARN_RANGE_LOOP_ANALYSIS = YES;
				CLANG_WARN_STRICT_PROTOTYPES = YES;
				CLANG_WARN_SUSPICIOUS_MOVE = YES;
				CLANG_WARN_UNGUARDED_AVAILABILITY = YES_AGGRESSIVE;
				CLANG_WARN_UNREACHABLE_CODE = YES;
				CLANG_WARN__DUPLICATE_METHOD_MATCH = YES;
				COPY_PHASE_STRIP = NO;
				DEBUG_INFORMATION_FORMAT = "dwarf-with-dsym";
				ENABLE_NS_ASSERTIONS = NO;
				ENABLE_STRICT_OBJC_MSGSEND = YES;
				GCC_C_LANGUAGE_STANDARD = gnu11;
				GCC_NO_COMMON_BLOCKS = YES;
				GCC_WARN_64_TO_32_BIT_CONVERSION = YES;
				GCC_WARN_ABOUT_RETURN_TYPE = YES_ERROR;
				GCC_WARN_UNDECLARED_SELECTOR = YES;
				GCC_WARN_UNINITIALIZED_AUTOS = YES_AGGRESSIVE;
				GCC_WARN_UNUSED_FUNCTION = YES;
				GCC_WARN_UNUSED_VARIABLE = YES;
				IPHONEOS_DEPLOYMENT_TARGET = 13.5;
				MTL_ENABLE_DEBUG_INFO = NO;
				MTL_FAST_MATH = YES;
				SDKROOT = iphoneos;
				SWIFT_COMPILATION_MODE = wholemodule;
				SWIFT_OPTIMIZATION_LEVEL = "-O";
				VALIDATE_PRODUCT = YES;
			};
			name = Release;
		};
		73A3DC47249E107000CFD3A8 /* Debug */ = {
			isa = XCBuildConfiguration;
			buildSettings = {
				ASSETCATALOG_COMPILER_APPICON_NAME = AppIcon;
				CODE_SIGN_STYLE = Automatic;
				INFOPLIST_FILE = BTVN_AutoLayout_Phan1/Info.plist;
				LD_RUNPATH_SEARCH_PATHS = (
					"$(inherited)",
					"@executable_path/Frameworks",
				);
				PRODUCT_BUNDLE_IDENTIFIER = "Lai-Duc-Anh.BTVN-AutoLayout-Phan1";
				PRODUCT_NAME = "$(TARGET_NAME)";
				SWIFT_VERSION = 5.0;
				TARGETED_DEVICE_FAMILY = "1,2";
			};
			name = Debug;
		};
		73A3DC48249E107000CFD3A8 /* Release */ = {
			isa = XCBuildConfiguration;
			buildSettings = {
				ASSETCATALOG_COMPILER_APPICON_NAME = AppIcon;
				CODE_SIGN_STYLE = Automatic;
				INFOPLIST_FILE = BTVN_AutoLayout_Phan1/Info.plist;
				LD_RUNPATH_SEARCH_PATHS = (
					"$(inherited)",
					"@executable_path/Frameworks",
				);
				PRODUCT_BUNDLE_IDENTIFIER = "Lai-Duc-Anh.BTVN-AutoLayout-Phan1";
				PRODUCT_NAME = "$(TARGET_NAME)";
				SWIFT_VERSION = 5.0;
				TARGETED_DEVICE_FAMILY = "1,2";
			};
			name = Release;
		};
/* End XCBuildConfiguration section */

/* Begin XCConfigurationList section */
		73A3DC2D249E106E00CFD3A8 /* Build configuration list for PBXProject "BTVN_AutoLayout_Phan1" */ = {
			isa = XCConfigurationList;
			buildConfigurations = (
				73A3DC44249E107000CFD3A8 /* Debug */,
				73A3DC45249E107000CFD3A8 /* Release */,
			);
			defaultConfigurationIsVisible = 0;
			defaultConfigurationName = Release;
		};
		73A3DC46249E107000CFD3A8 /* Build configuration list for PBXNativeTarget "BTVN_AutoLayout_Phan1" */ = {
			isa = XCConfigurationList;
			buildConfigurations = (
				73A3DC47249E107000CFD3A8 /* Debug */,
				73A3DC48249E107000CFD3A8 /* Release */,
			);
			defaultConfigurationIsVisible = 0;
			defaultConfigurationName = Release;
		};
/* End XCConfigurationList section */
	};
	rootObject = 73A3DC2A249E106E00CFD3A8 /* Project object */;
}
